# This file is autogenerated, do not edit; changes may be undone by the next 'dep ensure'.


[[projects]]
  branch = "master"
  name = "github.com/go-gl/gl"
  packages = ["v2.1/gl"]
  revision = "39ef8e959f4050148ec5a59816a93b9e65b4528f"

[[projects]]
  branch = "master"
  name = "github.com/go-gl/glfw"
  packages = ["v3.2/glfw"]
  revision = "55847fe4ded3fbee15191a625f3305a1fad48b67"

[[projects]]
  name = "github.com/op/go-logging"
  packages = ["."]
  revision = "b2cb9fa56473e98db8caba80237377e83fe44db5"
  version = "v1"

[[projects]]
  name = "github.com/sirupsen/logrus"
  packages = ["."]
  revision = "a3f95b5c423586578a4e099b11a46c2479628cac"
  version = "1.0.2"

[[projects]]
  branch = "master"
  name = "github.com/skycoin/net"
  packages = ["client","conn","factory","msg","server"]
  revision = "8204ebbfa654707c95ae8e57052ad8296248373d"

[[projects]]
  name = "github.com/skycoin/skycoin"
  packages = ["src/cipher","src/cipher/base58","src/cipher/chacha20","src/cipher/encoder","src/cipher/ripemd160","src/cipher/secp256k1-go","src/cipher/secp256k1-go/secp256k1-go2","src/util/logging"]
  revision = "dd924e1f2de8fab945e05b3245dbeabf267f2910"
  version = "v0.19.0"

[[projects]]
  branch = "master"
  name = "golang.org/x/sys"
  packages = ["unix"]
  revision = "d8f5ea21b9295e315e612b4bcf4bedea93454d4d"

[[projects]]
  branch = "v2"
  name = "gopkg.in/yaml.v2"
  packages = ["."]
  revision = "25c4ec802a7d637f88d584ab26798e94ad14c13b"

[solve-meta]
  analyzer-name = "dep"
  analyzer-version = 1
  inputs-digest = "9c3481add45faacc89563240e9fc863c591d5acdd8efdcba7c9d61eb0caec34e"
  solver-name = "gps-cdcl"
  solver-version = 1
