# This file is autogenerated, do not edit; changes may be undone by the next 'dep ensure'.


[[projects]]
  branch = "master"
  name = "github.com/go-gl/gl"
  packages = ["v2.1/gl"]
  revision = "39ef8e959f4050148ec5a59816a93b9e65b4528f"

[[projects]]
  branch = "master"
  name = "github.com/go-gl/glfw"
  packages = ["v3.2/glfw"]
  revision = "55847fe4ded3fbee15191a625f3305a1fad48b67"

[[projects]]
  name = "github.com/op/go-logging"
  packages = ["."]
  revision = "b2cb9fa56473e98db8caba80237377e83fe44db5"
  version = "v1"

[[projects]]
  name = "github.com/skycoin/skycoin"
  packages = ["src/cipher","src/cipher/base58","src/cipher/chacha20","src/cipher/encoder","src/cipher/ripemd160","src/cipher/secp256k1-go","src/cipher/secp256k1-go/secp256k1-go2","src/util/logging"]
  revision = "dd924e1f2de8fab945e05b3245dbeabf267f2910"
  version = "v0.19.0"

[[projects]]
  branch = "master"
  name = "github.com/skycoin/viscript"
  packages = ["app","config","hypervisor","hypervisor/dbus","hypervisor/input/keyboard","hypervisor/input/mouse","hypervisor/task/terminal","hypervisor/task_ext","msg","old/tree","old/ui","rpc/climanager","rpc/terminalmanager","signal","viewport","viewport/gl","viewport/terminal"]
  revision = "0cfe5437ff45d6f8e3daee6f81c20dbebd989e6c"

[[projects]]
  branch = "v2"
  name = "gopkg.in/yaml.v2"
  packages = ["."]
  revision = "25c4ec802a7d637f88d584ab26798e94ad14c13b"

[solve-meta]
  analyzer-name = "dep"
  analyzer-version = 1
  inputs-digest = "d63c00c5ca8f0ad4f48f8bd2f3a998084c499c25ff4f392ce0cab5271918dfaf"
  solver-name = "gps-cdcl"
  solver-version = 1
